Microsoft Visual Studio Solution File, Format Version 12.00
# Visual Studio Version 17
VisualStudioVersion = 17.0.31903.59
MinimumVisualStudioVersion = 10.0.40219.1
Project("{9A19103F-16F7-4668-BE54-9A1E7A4F7556}") = "XMLSamples", "XMLSamples.csproj", "{96D4CAD7-4A11-4353-AFE0-B91A166A315F}"
EndProject
Global
	GlobalSection(SolutionConfigurationPlatforms) = preSolution
		Debug|Any CPU = Debug|Any CPU
		Release|Any CPU = Release|Any CPU
	EndGlobalSection
	GlobalSection(ProjectConfigurationPlatforms) = postSolution
		{96D4CAD7-4A11-4353-AFE0-B91A166A315F}.Debug|Any CPU.ActiveCfg = Debug|Any CPU
		{96D4CAD7-4A11-4353-AFE0-B91A166A315F}.Debug|Any CPU.Build.0 = Debug|Any CPU
		{96D4CAD7-4A11-4353-AFE0-B91A166A315F}.Release|Any CPU.ActiveCfg = Release|Any CPU
		{96D4CAD7-4A11-4353-AFE0-B91A166A315F}.Release|Any CPU.Build.0 = Release|Any CPU
	EndGlobalSection
	GlobalSection(SolutionProperties) = preSolution
		HideSolutionNode = FALSE
	EndGlobalSection
	GlobalSection(ExtensibilityGlobals) = postSolution
		SolutionGuid = {D73867BE-117B-435E-80A0-A2AC94BC491E}
	EndGlobalSection
EndGlobal
